
Microsoft Visual Studio Solution File, Format Version 11.00
# Visual Studio 2010
Project("{FAE04EC0-301F-11D3-BF4B-00C04F79EFBC}") = "Assembly-CSharp", "Assembly-CSharp.csproj", "{20A509A1-4C63-7B05-77F6-7A1E8CAF510C}"
EndProject
Project("{FAE04EC0-301F-11D3-BF4B-00C04F79EFBC}") = "Assembly-CSharp-firstpass", "Assembly-CSharp-firstpass.csproj", "{E2A4F713-84C6-EC47-A6CA-11CBA62DD312}"
EndProject
Project("{FAE04EC0-301F-11D3-BF4B-00C04F79EFBC}") = "Assembly-CSharp-Editor", "Assembly-CSharp-Editor.csproj", "{05C567C0-74DC-9F3D-767B-2EA11FF07CB9}"
EndProject
Global
	GlobalSection(SolutionConfigurationPlatforms) = preSolution
		Debug|Any CPU = Debug|Any CPU
		Release|Any CPU = Release|Any CPU
	EndGlobalSection
	GlobalSection(ProjectConfigurationPlatforms) = postSolution
		{20A509A1-4C63-7B05-77F6-7A1E8CAF510C}.Debug|Any CPU.ActiveCfg = Debug|Any CPU
		{20A509A1-4C63-7B05-77F6-7A1E8CAF510C}.Debug|Any CPU.Build.0 = Debug|Any CPU
		{20A509A1-4C63-7B05-77F6-7A1E8CAF510C}.Release|Any CPU.ActiveCfg = Release|Any CPU
		{20A509A1-4C63-7B05-77F6-7A1E8CAF510C}.Release|Any CPU.Build.0 = Release|Any CPU
		{E2A4F713-84C6-EC47-A6CA-11CBA62DD312}.Debug|Any CPU.ActiveCfg = Debug|Any CPU
		{E2A4F713-84C6-EC47-A6CA-11CBA62DD312}.Debug|Any CPU.Build.0 = Debug|Any CPU
		{E2A4F713-84C6-EC47-A6CA-11CBA62DD312}.Release|Any CPU.ActiveCfg = Release|Any CPU
		{E2A4F713-84C6-EC47-A6CA-11CBA62DD312}.Release|Any CPU.Build.0 = Release|Any CPU
		{05C567C0-74DC-9F3D-767B-2EA11FF07CB9}.Debug|Any CPU.ActiveCfg = Debug|Any CPU
		{05C567C0-74DC-9F3D-767B-2EA11FF07CB9}.Debug|Any CPU.Build.0 = Debug|Any CPU
		{05C567C0-74DC-9F3D-767B-2EA11FF07CB9}.Release|Any CPU.ActiveCfg = Release|Any CPU
		{05C567C0-74DC-9F3D-767B-2EA11FF07CB9}.Release|Any CPU.Build.0 = Release|Any CPU
	EndGlobalSection
	GlobalSection(SolutionProperties) = preSolution
		HideSolutionNode = FALSE
	EndGlobalSection
EndGlobal
