
Microsoft Visual Studio Solution File, Format Version 12.00
# Visual Studio 16
Project("{FAE04EC0-301F-11D3-BF4B-00C04F79EFBC}") = "Assembly-CSharp", "Assembly-CSharp.csproj", "{37B4294E-5AF8-1B2C-624D-BBF509B5C8AD}"
EndProject
Project("{FAE04EC0-301F-11D3-BF4B-00C04F79EFBC}") = "Assembly-CSharp-firstpass", "Assembly-CSharp-firstpass.csproj", "{F41CFF7B-C6A9-B3B0-B4DB-86DC5EB7C664}"
EndProject
Project("{FAE04EC0-301F-11D3-BF4B-00C04F79EFBC}") = "Assembly-CSharp-Editor", "Assembly-CSharp-Editor.csproj", "{2578FE5D-9535-3280-E13A-2F8E8C301F6F}"
EndProject
Global
	GlobalSection(SolutionConfigurationPlatforms) = preSolution
		Debug|Any CPU = Debug|Any CPU
		Release|Any CPU = Release|Any CPU
	EndGlobalSection
	GlobalSection(ProjectConfigurationPlatforms) = postSolution
		{37B4294E-5AF8-1B2C-624D-BBF509B5C8AD}.Debug|Any CPU.ActiveCfg = Debug|Any CPU
		{37B4294E-5AF8-1B2C-624D-BBF509B5C8AD}.Debug|Any CPU.Build.0 = Debug|Any CPU
		{37B4294E-5AF8-1B2C-624D-BBF509B5C8AD}.Release|Any CPU.ActiveCfg = Release|Any CPU
		{37B4294E-5AF8-1B2C-624D-BBF509B5C8AD}.Release|Any CPU.Build.0 = Release|Any CPU
		{F41CFF7B-C6A9-B3B0-B4DB-86DC5EB7C664}.Debug|Any CPU.ActiveCfg = Debug|Any CPU
		{F41CFF7B-C6A9-B3B0-B4DB-86DC5EB7C664}.Debug|Any CPU.Build.0 = Debug|Any CPU
		{F41CFF7B-C6A9-B3B0-B4DB-86DC5EB7C664}.Release|Any CPU.ActiveCfg = Release|Any CPU
		{F41CFF7B-C6A9-B3B0-B4DB-86DC5EB7C664}.Release|Any CPU.Build.0 = Release|Any CPU
		{2578FE5D-9535-3280-E13A-2F8E8C301F6F}.Debug|Any CPU.ActiveCfg = Debug|Any CPU
		{2578FE5D-9535-3280-E13A-2F8E8C301F6F}.Debug|Any CPU.Build.0 = Debug|Any CPU
		{2578FE5D-9535-3280-E13A-2F8E8C301F6F}.Release|Any CPU.ActiveCfg = Release|Any CPU
		{2578FE5D-9535-3280-E13A-2F8E8C301F6F}.Release|Any CPU.Build.0 = Release|Any CPU
	EndGlobalSection
	GlobalSection(SolutionProperties) = preSolution
		HideSolutionNode = FALSE
	EndGlobalSection
EndGlobal
